
Microsoft Visual Studio Solution File, Format Version 12.00
# Visual Studio Version 17
VisualStudioVersion = 17.10.35122.118
MinimumVisualStudioVersion = 10.0.40219.1
Project("{2150E333-8FDC-42A3-9474-1A3956D46DE8}") = "1-BuildingBlocks", "1-BuildingBlocks", "{9D72E92A-2423-40AE-94FE-67995E12CF3E}"
EndProject
Project("{9A19103F-16F7-4668-BE54-9A1E7A4F7556}") = "Application", "Application\Application.csproj", "{D44A620A-6360-42E1-A957-28916BFBAF86}"
EndProject
Project("{9A19103F-16F7-4668-BE54-9A1E7A4F7556}") = "Domain", "Domain\Domain.csproj", "{341A8E2A-0E6A-44D3-A9F8-B82D1ADE5F1F}"
EndProject
Project("{9A19103F-16F7-4668-BE54-9A1E7A4F7556}") = "Infrastructure", "Infrastructure\Infrastructure.csproj", "{6F87CD62-C7F2-4209-8C67-E62DDD638E80}"
EndProject
Project("{9A19103F-16F7-4668-BE54-9A1E7A4F7556}") = "Presentation", "Presentation\Presentation.csproj", "{9DAD86C5-A6B1-43CB-837E-A88E26B773F5}"
EndProject
Project("{2150E333-8FDC-42A3-9474-1A3956D46DE8}") = "2-Services", "2-Services", "{8B9092AB-8CE2-4F44-85BA-22B0463B609A}"
EndProject
Project("{9A19103F-16F7-4668-BE54-9A1E7A4F7556}") = "Identity.Presentation", "Identity.Presentation\Identity.Presentation.csproj", "{48969EC4-E058-4794-BD45-113F474CF187}"
EndProject
Project("{9A19103F-16F7-4668-BE54-9A1E7A4F7556}") = "Identity.Domain", "Identity.Domain\Identity.Domain.csproj", "{D884F684-1757-4719-A2F8-07C7A87B0388}"
EndProject
Project("{2150E333-8FDC-42A3-9474-1A3956D46DE8}") = "Identity", "Identity", "{D5B3FBA0-3829-460E-A937-028561C4DADA}"
EndProject
Project("{9A19103F-16F7-4668-BE54-9A1E7A4F7556}") = "Identity.Infrastructure", "Identity.Infrastructure\Identity.Infrastructure.csproj", "{FFFE2F1A-FE5F-48B9-9083-EFD007CCB8FA}"
EndProject
Project("{9A19103F-16F7-4668-BE54-9A1E7A4F7556}") = "Identity.Application", "Identity.Application\Identity.Application.csproj", "{0718C5EA-93FF-46B3-9440-D25FEC513718}"
EndProject
Project("{2150E333-8FDC-42A3-9474-1A3956D46DE8}") = "3-Gateways", "3-Gateways", "{25D2A097-DD1E-4DE9-94D1-E4DB7736EF91}"
EndProject
Project("{2150E333-8FDC-42A3-9474-1A3956D46DE8}") = "Ocelot", "Ocelot", "{26EF0D4E-853E-4DC5-B076-E89466540BC6}"
EndProject
Project("{9A19103F-16F7-4668-BE54-9A1E7A4F7556}") = "OcelotGateway.Presentaition", "Ocelot.Presentaition\OcelotGateway.Presentaition.csproj", "{9AA8AC65-8A57-413F-81C4-8BFC5110DDEB}"
EndProject
Project("{2150E333-8FDC-42A3-9474-1A3956D46DE8}") = "Mail", "Mail", "{95E98F24-EFAF-43F2-932D-C9765BC65CC0}"
EndProject
Project("{9A19103F-16F7-4668-BE54-9A1E7A4F7556}") = "Mail.Presentation", "Mail.Presentation\Mail.Presentation.csproj", "{7DE0AB52-7E9A-4AB1-BBE1-9E247596B994}"
EndProject
Project("{9A19103F-16F7-4668-BE54-9A1E7A4F7556}") = "Mail.Application", "Mail.Application\Mail.Application.csproj", "{2C899EAD-4037-4615-B38F-9B96186EC2FC}"
EndProject
Project("{2150E333-8FDC-42A3-9474-1A3956D46DE8}") = "Profile", "Profile", "{25697B92-8E0D-49AD-B25F-C73083A131FB}"
EndProject
Project("{FAE04EC0-301F-11D3-BF4B-00C04F79EFBC}") = "Profile.Application", "Profile.Application\Profile.Application.csproj", "{77EB20F2-E969-4772-822A-9BEB34BD2EC6}"
EndProject
Project("{FAE04EC0-301F-11D3-BF4B-00C04F79EFBC}") = "Profile.Domain", "Profile.Domain\Profile.Domain.csproj", "{ED4C559D-7685-4E9B-B028-9610519965F6}"
EndProject
Project("{FAE04EC0-301F-11D3-BF4B-00C04F79EFBC}") = "Profile.Infrastructure", "Profile.Infrastructure\Profile.Infrastructure.csproj", "{776CCB36-8F4D-437F-9E8F-1B923ABD315A}"
EndProject
Project("{FAE04EC0-301F-11D3-BF4B-00C04F79EFBC}") = "Profile.Presentation", "Profile.Presentation\Profile.Presentation.csproj", "{15DC6BE8-DD33-4990-BF2C-EA3916EC8E25}"
EndProject
Global
	GlobalSection(SolutionConfigurationPlatforms) = preSolution
		Debug|Any CPU = Debug|Any CPU
		Release|Any CPU = Release|Any CPU
	EndGlobalSection
	GlobalSection(ProjectConfigurationPlatforms) = postSolution
		{D44A620A-6360-42E1-A957-28916BFBAF86}.Debug|Any CPU.ActiveCfg = Debug|Any CPU
		{D44A620A-6360-42E1-A957-28916BFBAF86}.Debug|Any CPU.Build.0 = Debug|Any CPU
		{D44A620A-6360-42E1-A957-28916BFBAF86}.Release|Any CPU.ActiveCfg = Release|Any CPU
		{D44A620A-6360-42E1-A957-28916BFBAF86}.Release|Any CPU.Build.0 = Release|Any CPU
		{341A8E2A-0E6A-44D3-A9F8-B82D1ADE5F1F}.Debug|Any CPU.ActiveCfg = Debug|Any CPU
		{341A8E2A-0E6A-44D3-A9F8-B82D1ADE5F1F}.Debug|Any CPU.Build.0 = Debug|Any CPU
		{341A8E2A-0E6A-44D3-A9F8-B82D1ADE5F1F}.Release|Any CPU.ActiveCfg = Release|Any CPU
		{341A8E2A-0E6A-44D3-A9F8-B82D1ADE5F1F}.Release|Any CPU.Build.0 = Release|Any CPU
		{6F87CD62-C7F2-4209-8C67-E62DDD638E80}.Debug|Any CPU.ActiveCfg = Debug|Any CPU
		{6F87CD62-C7F2-4209-8C67-E62DDD638E80}.Debug|Any CPU.Build.0 = Debug|Any CPU
		{6F87CD62-C7F2-4209-8C67-E62DDD638E80}.Release|Any CPU.ActiveCfg = Release|Any CPU
		{6F87CD62-C7F2-4209-8C67-E62DDD638E80}.Release|Any CPU.Build.0 = Release|Any CPU
		{9DAD86C5-A6B1-43CB-837E-A88E26B773F5}.Debug|Any CPU.ActiveCfg = Debug|Any CPU
		{9DAD86C5-A6B1-43CB-837E-A88E26B773F5}.Debug|Any CPU.Build.0 = Debug|Any CPU
		{9DAD86C5-A6B1-43CB-837E-A88E26B773F5}.Release|Any CPU.ActiveCfg = Release|Any CPU
		{9DAD86C5-A6B1-43CB-837E-A88E26B773F5}.Release|Any CPU.Build.0 = Release|Any CPU
		{48969EC4-E058-4794-BD45-113F474CF187}.Debug|Any CPU.ActiveCfg = Debug|Any CPU
		{48969EC4-E058-4794-BD45-113F474CF187}.Debug|Any CPU.Build.0 = Debug|Any CPU
		{48969EC4-E058-4794-BD45-113F474CF187}.Release|Any CPU.ActiveCfg = Release|Any CPU
		{48969EC4-E058-4794-BD45-113F474CF187}.Release|Any CPU.Build.0 = Release|Any CPU
		{D884F684-1757-4719-A2F8-07C7A87B0388}.Debug|Any CPU.ActiveCfg = Debug|Any CPU
		{D884F684-1757-4719-A2F8-07C7A87B0388}.Debug|Any CPU.Build.0 = Debug|Any CPU
		{D884F684-1757-4719-A2F8-07C7A87B0388}.Release|Any CPU.ActiveCfg = Release|Any CPU
		{D884F684-1757-4719-A2F8-07C7A87B0388}.Release|Any CPU.Build.0 = Release|Any CPU
		{FFFE2F1A-FE5F-48B9-9083-EFD007CCB8FA}.Debug|Any CPU.ActiveCfg = Debug|Any CPU
		{FFFE2F1A-FE5F-48B9-9083-EFD007CCB8FA}.Debug|Any CPU.Build.0 = Debug|Any CPU
		{FFFE2F1A-FE5F-48B9-9083-EFD007CCB8FA}.Release|Any CPU.ActiveCfg = Release|Any CPU
		{FFFE2F1A-FE5F-48B9-9083-EFD007CCB8FA}.Release|Any CPU.Build.0 = Release|Any CPU
		{0718C5EA-93FF-46B3-9440-D25FEC513718}.Debug|Any CPU.ActiveCfg = Debug|Any CPU
		{0718C5EA-93FF-46B3-9440-D25FEC513718}.Debug|Any CPU.Build.0 = Debug|Any CPU
		{0718C5EA-93FF-46B3-9440-D25FEC513718}.Release|Any CPU.ActiveCfg = Release|Any CPU
		{0718C5EA-93FF-46B3-9440-D25FEC513718}.Release|Any CPU.Build.0 = Release|Any CPU
		{9AA8AC65-8A57-413F-81C4-8BFC5110DDEB}.Debug|Any CPU.ActiveCfg = Debug|Any CPU
		{9AA8AC65-8A57-413F-81C4-8BFC5110DDEB}.Debug|Any CPU.Build.0 = Debug|Any CPU
		{9AA8AC65-8A57-413F-81C4-8BFC5110DDEB}.Release|Any CPU.ActiveCfg = Release|Any CPU
		{9AA8AC65-8A57-413F-81C4-8BFC5110DDEB}.Release|Any CPU.Build.0 = Release|Any CPU
		{7DE0AB52-7E9A-4AB1-BBE1-9E247596B994}.Debug|Any CPU.ActiveCfg = Debug|Any CPU
		{7DE0AB52-7E9A-4AB1-BBE1-9E247596B994}.Debug|Any CPU.Build.0 = Debug|Any CPU
		{7DE0AB52-7E9A-4AB1-BBE1-9E247596B994}.Release|Any CPU.ActiveCfg = Release|Any CPU
		{7DE0AB52-7E9A-4AB1-BBE1-9E247596B994}.Release|Any CPU.Build.0 = Release|Any CPU
		{2C899EAD-4037-4615-B38F-9B96186EC2FC}.Debug|Any CPU.ActiveCfg = Debug|Any CPU
		{2C899EAD-4037-4615-B38F-9B96186EC2FC}.Debug|Any CPU.Build.0 = Debug|Any CPU
		{2C899EAD-4037-4615-B38F-9B96186EC2FC}.Release|Any CPU.ActiveCfg = Release|Any CPU
		{2C899EAD-4037-4615-B38F-9B96186EC2FC}.Release|Any CPU.Build.0 = Release|Any CPU
		{77EB20F2-E969-4772-822A-9BEB34BD2EC6}.Debug|Any CPU.ActiveCfg = Debug|Any CPU
		{77EB20F2-E969-4772-822A-9BEB34BD2EC6}.Debug|Any CPU.Build.0 = Debug|Any CPU
		{77EB20F2-E969-4772-822A-9BEB34BD2EC6}.Release|Any CPU.ActiveCfg = Release|Any CPU
		{77EB20F2-E969-4772-822A-9BEB34BD2EC6}.Release|Any CPU.Build.0 = Release|Any CPU
		{ED4C559D-7685-4E9B-B028-9610519965F6}.Debug|Any CPU.ActiveCfg = Debug|Any CPU
		{ED4C559D-7685-4E9B-B028-9610519965F6}.Debug|Any CPU.Build.0 = Debug|Any CPU
		{ED4C559D-7685-4E9B-B028-9610519965F6}.Release|Any CPU.ActiveCfg = Release|Any CPU
		{ED4C559D-7685-4E9B-B028-9610519965F6}.Release|Any CPU.Build.0 = Release|Any CPU
		{776CCB36-8F4D-437F-9E8F-1B923ABD315A}.Debug|Any CPU.ActiveCfg = Debug|Any CPU
		{776CCB36-8F4D-437F-9E8F-1B923ABD315A}.Debug|Any CPU.Build.0 = Debug|Any CPU
		{776CCB36-8F4D-437F-9E8F-1B923ABD315A}.Release|Any CPU.ActiveCfg = Release|Any CPU
		{776CCB36-8F4D-437F-9E8F-1B923ABD315A}.Release|Any CPU.Build.0 = Release|Any CPU
		{15DC6BE8-DD33-4990-BF2C-EA3916EC8E25}.Debug|Any CPU.ActiveCfg = Debug|Any CPU
		{15DC6BE8-DD33-4990-BF2C-EA3916EC8E25}.Debug|Any CPU.Build.0 = Debug|Any CPU
		{15DC6BE8-DD33-4990-BF2C-EA3916EC8E25}.Release|Any CPU.ActiveCfg = Release|Any CPU
		{15DC6BE8-DD33-4990-BF2C-EA3916EC8E25}.Release|Any CPU.Build.0 = Release|Any CPU
	EndGlobalSection
	GlobalSection(SolutionProperties) = preSolution
		HideSolutionNode = FALSE
	EndGlobalSection
	GlobalSection(NestedProjects) = preSolution
		{D44A620A-6360-42E1-A957-28916BFBAF86} = {9D72E92A-2423-40AE-94FE-67995E12CF3E}
		{341A8E2A-0E6A-44D3-A9F8-B82D1ADE5F1F} = {9D72E92A-2423-40AE-94FE-67995E12CF3E}
		{6F87CD62-C7F2-4209-8C67-E62DDD638E80} = {9D72E92A-2423-40AE-94FE-67995E12CF3E}
		{9DAD86C5-A6B1-43CB-837E-A88E26B773F5} = {9D72E92A-2423-40AE-94FE-67995E12CF3E}
		{48969EC4-E058-4794-BD45-113F474CF187} = {D5B3FBA0-3829-460E-A937-028561C4DADA}
		{D884F684-1757-4719-A2F8-07C7A87B0388} = {D5B3FBA0-3829-460E-A937-028561C4DADA}
		{D5B3FBA0-3829-460E-A937-028561C4DADA} = {8B9092AB-8CE2-4F44-85BA-22B0463B609A}
		{FFFE2F1A-FE5F-48B9-9083-EFD007CCB8FA} = {D5B3FBA0-3829-460E-A937-028561C4DADA}
		{0718C5EA-93FF-46B3-9440-D25FEC513718} = {D5B3FBA0-3829-460E-A937-028561C4DADA}
		{26EF0D4E-853E-4DC5-B076-E89466540BC6} = {25D2A097-DD1E-4DE9-94D1-E4DB7736EF91}
		{9AA8AC65-8A57-413F-81C4-8BFC5110DDEB} = {26EF0D4E-853E-4DC5-B076-E89466540BC6}
		{95E98F24-EFAF-43F2-932D-C9765BC65CC0} = {8B9092AB-8CE2-4F44-85BA-22B0463B609A}
		{7DE0AB52-7E9A-4AB1-BBE1-9E247596B994} = {95E98F24-EFAF-43F2-932D-C9765BC65CC0}
		{2C899EAD-4037-4615-B38F-9B96186EC2FC} = {95E98F24-EFAF-43F2-932D-C9765BC65CC0}
		{25697B92-8E0D-49AD-B25F-C73083A131FB} = {8B9092AB-8CE2-4F44-85BA-22B0463B609A}
		{77EB20F2-E969-4772-822A-9BEB34BD2EC6} = {25697B92-8E0D-49AD-B25F-C73083A131FB}
		{ED4C559D-7685-4E9B-B028-9610519965F6} = {25697B92-8E0D-49AD-B25F-C73083A131FB}
		{776CCB36-8F4D-437F-9E8F-1B923ABD315A} = {25697B92-8E0D-49AD-B25F-C73083A131FB}
		{15DC6BE8-DD33-4990-BF2C-EA3916EC8E25} = {25697B92-8E0D-49AD-B25F-C73083A131FB}
	EndGlobalSection
	GlobalSection(ExtensibilityGlobals) = postSolution
		SolutionGuid = {F10CF1A7-D5F0-46C6-9718-6BFD0C791875}
	EndGlobalSection
EndGlobal
